{
  "name": "ws-runner",
  "version": "0.1.0",
  "lockfileVersion": 3,
  "requires": true,
  "packages": {
    "": {
      "name": "ws-runner",
      "version": "0.1.0",
      "bin": {
        "ws-runner-mcp": "bin/ws-runner-mcp.js",
        "ws-runner": "bin/ws-runner.js"
      },
      "engines": {
        "node": ">=18"
      }
    }
  }
}
