{
  "name": "ecosystem-ai-runner",
  "version": "0.1.0",
  "lockfileVersion": 3,
  "requires": true,
  "packages": {
    "": {
      "name": "ecosystem-ai-runner",
      "version": "0.1.0",
      "bin": {
        "ecosystem-ai-mcp": "bin/ecosystem-ai-mcp.js",
        "ecosystem-ai-runner": "bin/ecosystem-ai-runner.js"
      },
      "engines": {
        "node": ">=18"
      }
    }
  }
}
